{
  "nodes": {
    "elisp-helpers": {
      "flake": false,
      "locked": {
        "lastModified": 1710768267,
        "narHash": "sha256-NX/dP39RzIKCiIEZPLZUYDUpgCqyagn3iK7c5NWfmEk=",
        "owner": "emacs-twist",
        "repo": "elisp-helpers",
        "rev": "002e07aff027eedfdadec02d6830cb75a1aec9b5",
        "type": "github"
      },
      "original": {
        "owner": "emacs-twist",
        "repo": "elisp-helpers",
        "type": "github"
      }
    },
    "emacs": {
      "flake": false,
      "locked": {
        "lastModified": 1710770394,
        "narHash": "sha256-I9CWGEPd9IWsxBmnGjX/Jze2pYIrh6mBg4X4os/vnNw=",
        "owner": "emacs-mirror",
        "repo": "emacs",
        "rev": "ce29ae32d0b05cedbc9ba65c1a347ab7c34420ad",
        "type": "github"
      },
      "original": {
        "owner": "emacs-mirror",
        "repo": "emacs",
        "type": "github"
      }
    },
    "epkgs": {
      "flake": false,
      "locked": {
        "lastModified": 1710767604,
        "narHash": "sha256-BLDwXa1ArMoVCLihPSowP7y4hVRJhzHIkPpXMUJFNkM=",
        "owner": "emacsmirror",
        "repo": "epkgs",
        "rev": "cedeaec37021580d8b04276930ca2dd5f3abdde5",
        "type": "github"
      },
      "original": {
        "owner": "emacsmirror",
        "repo": "epkgs",
        "type": "github"
      }
    },
    "flake-utils": {
      "inputs": {
        "systems": "systems"
      },
      "locked": {
        "lastModified": 1710146030,
        "narHash": "sha256-SZ5L6eA7HJ/nmkzGG7/ISclqe6oZdOZTNoesiInkXPQ=",
        "owner": "numtide",
        "repo": "flake-utils",
        "rev": "b1d9ab70662946ef0850d488da1c9019f3a9752a",
        "type": "github"
      },
      "original": {
        "owner": "numtide",
        "repo": "flake-utils",
        "type": "github"
      }
    },
    "gnu-elpa": {
      "flake": false,
      "locked": {
        "lastModified": 1710090195,
        "narHash": "sha256-C6b1mZlW95pbDZ8A3qWKbZK0XeSUW/nexMvVDu2BB8o=",
        "ref": "main",
        "rev": "5027481bb39df93a6136f1ce71722e42d75a50cf",
        "revCount": 590,
        "type": "git",
        "url": "https://git.savannah.gnu.org/git/emacs/elpa.git"
      },
      "original": {
        "ref": "main",
        "type": "git",
        "url": "https://git.savannah.gnu.org/git/emacs/elpa.git"
      }
    },
    "melpa": {
      "flake": false,
      "locked": {
        "lastModified": 1710702903,
        "narHash": "sha256-V5eQlX6DOfXYCfapVhuXs4RKWvuMEQDEWnn6eVt6PVE=",
        "owner": "melpa",
        "repo": "melpa",
        "rev": "ae47495104fdb4603da59f5ac5390aca935154de",
        "type": "github"
      },
      "original": {
        "owner": "melpa",
        "repo": "melpa",
        "type": "github"
      }
    },
    "nixpkgs": {
      "locked": {
        "lastModified": 1710765496,
        "narHash": "sha256-p7ryWEeQfMwTB6E0wIUd5V2cFTgq+DRRBz2hYGnJZyA=",
        "owner": "NixOS",
        "repo": "nixpkgs",
        "rev": "e367f7a1fb93137af22a3908f00b9a35e2d286a7",
        "type": "github"
      },
      "original": {
        "owner": "NixOS",
        "ref": "nixpkgs-unstable",
        "repo": "nixpkgs",
        "type": "github"
      }
    },
    "nongnu": {
      "flake": false,
      "locked": {
        "lastModified": 1710442513,
        "narHash": "sha256-iJeG9lyjCTwcl/7OTBYI+RG7ztD0u2DY76RR9mzYjvM=",
        "ref": "main",
        "rev": "f06fc1286a20c827cbbd53a8c3ed53b2ac41c9d9",
        "revCount": 307,
        "type": "git",
        "url": "https://git.savannah.gnu.org/git/emacs/nongnu.git"
      },
      "original": {
        "ref": "main",
        "type": "git",
        "url": "https://git.savannah.gnu.org/git/emacs/nongnu.git"
      }
    },
    "org-babel": {
      "locked": {
        "lastModified": 1669954182,
        "narHash": "sha256-tYXRO/+MbLDQNn/mqnWKrQrYvFY0gHbU29wYln7+mpY=",
        "owner": "emacs-twist",
        "repo": "org-babel",
        "rev": "b448845abbbc8b742e9de547cd49ec886cd79cbf",
        "type": "github"
      },
      "original": {
        "owner": "emacs-twist",
        "repo": "org-babel",
        "type": "github"
      }
    },
    "root": {
      "inputs": {
        "emacs": "emacs",
        "epkgs": "epkgs",
        "flake-utils": "flake-utils",
        "gnu-elpa": "gnu-elpa",
        "melpa": "melpa",
        "nixpkgs": "nixpkgs",
        "nongnu": "nongnu",
        "org-babel": "org-babel",
        "twist": "twist"
      }
    },
    "systems": {
      "locked": {
        "lastModified": 1681028828,
        "narHash": "sha256-Vy1rq5AaRuLzOxct8nz4T6wlgyUR7zLU309k9mBC768=",
        "owner": "nix-systems",
        "repo": "default",
        "rev": "da67096a3b9bf56a91d16901293e51ba5b49a27e",
        "type": "github"
      },
      "original": {
        "owner": "nix-systems",
        "repo": "default",
        "type": "github"
      }
    },
    "twist": {
      "inputs": {
        "elisp-helpers": "elisp-helpers"
      },
      "locked": {
        "lastModified": 1710770942,
        "narHash": "sha256-dyNKByzB5dC/UlZ6GzjX+aFNsL8lHMUf9EWGNY7lttQ=",
        "owner": "emacs-twist",
        "repo": "twist.nix",
        "rev": "4e1f8720308f58b840f7d8c64880adb3971252e8",
        "type": "github"
      },
      "original": {
        "owner": "emacs-twist",
        "repo": "twist.nix",
        "type": "github"
      }
    }
  },
  "root": "root",
  "version": 7
}
