{
  "nodes": {
    "elisp-helpers": {
      "flake": false,
      "locked": {
        "lastModified": 1710768267,
        "narHash": "sha256-NX/dP39RzIKCiIEZPLZUYDUpgCqyagn3iK7c5NWfmEk=",
        "owner": "emacs-twist",
        "repo": "elisp-helpers",
        "rev": "002e07aff027eedfdadec02d6830cb75a1aec9b5",
        "type": "github"
      },
      "original": {
        "owner": "emacs-twist",
        "repo": "elisp-helpers",
        "type": "github"
      }
    },
    "emacs": {
      "flake": false,
      "locked": {
        "lastModified": 1711141395,
        "narHash": "sha256-JSu6oqlXCInz36+gu8ebhuWQgtRcr/JWCQOmJwJGRHI=",
        "owner": "emacs-mirror",
        "repo": "emacs",
        "rev": "3197d7015b854944e326d68c5307b38f0a0d2d53",
        "type": "github"
      },
      "original": {
        "owner": "emacs-mirror",
        "repo": "emacs",
        "type": "github"
      }
    },
    "epkgs": {
      "flake": false,
      "locked": {
        "lastModified": 1710961990,
        "narHash": "sha256-SuQ2qL3Gz54cvfRcQDvOTX1InjQ2Gxbe38KUj6arzWk=",
        "owner": "emacsmirror",
        "repo": "epkgs",
        "rev": "13a852e7f501213c33cd50b56f27b9d3080a8e19",
        "type": "github"
      },
      "original": {
        "owner": "emacsmirror",
        "repo": "epkgs",
        "type": "github"
      }
    },
    "flake-utils": {
      "inputs": {
        "systems": "systems"
      },
      "locked": {
        "lastModified": 1710146030,
        "narHash": "sha256-SZ5L6eA7HJ/nmkzGG7/ISclqe6oZdOZTNoesiInkXPQ=",
        "owner": "numtide",
        "repo": "flake-utils",
        "rev": "b1d9ab70662946ef0850d488da1c9019f3a9752a",
        "type": "github"
      },
      "original": {
        "owner": "numtide",
        "repo": "flake-utils",
        "type": "github"
      }
    },
    "gnu-elpa": {
      "flake": false,
      "locked": {
        "lastModified": 1710090195,
        "narHash": "sha256-C6b1mZlW95pbDZ8A3qWKbZK0XeSUW/nexMvVDu2BB8o=",
        "ref": "main",
        "rev": "5027481bb39df93a6136f1ce71722e42d75a50cf",
        "revCount": 590,
        "type": "git",
        "url": "https://git.savannah.gnu.org/git/emacs/elpa.git"
      },
      "original": {
        "ref": "main",
        "type": "git",
        "url": "https://git.savannah.gnu.org/git/emacs/elpa.git"
      }
    },
    "melpa": {
      "flake": false,
      "locked": {
        "lastModified": 1710961513,
        "narHash": "sha256-/f5Fj1zC0FartwGIhTV03+xm3J7DBC2nksVn77qN7yk=",
        "owner": "melpa",
        "repo": "melpa",
        "rev": "1202a12d3991df7de1bb57c59467f1532be52b37",
        "type": "github"
      },
      "original": {
        "owner": "melpa",
        "repo": "melpa",
        "type": "github"
      }
    },
    "nixpkgs": {
      "locked": {
        "lastModified": 1711106783,
        "narHash": "sha256-PDwAcHahc6hEimyrgGmFdft75gmLrJOZ0txX7lFqq+I=",
        "owner": "NixOS",
        "repo": "nixpkgs",
        "rev": "a3ed7406349a9335cb4c2a71369b697cecd9d351",
        "type": "github"
      },
      "original": {
        "owner": "NixOS",
        "ref": "nixpkgs-unstable",
        "repo": "nixpkgs",
        "type": "github"
      }
    },
    "nongnu": {
      "flake": false,
      "locked": {
        "lastModified": 1710442513,
        "narHash": "sha256-iJeG9lyjCTwcl/7OTBYI+RG7ztD0u2DY76RR9mzYjvM=",
        "ref": "main",
        "rev": "f06fc1286a20c827cbbd53a8c3ed53b2ac41c9d9",
        "revCount": 307,
        "type": "git",
        "url": "https://git.savannah.gnu.org/git/emacs/nongnu.git"
      },
      "original": {
        "ref": "main",
        "type": "git",
        "url": "https://git.savannah.gnu.org/git/emacs/nongnu.git"
      }
    },
    "org-babel": {
      "locked": {
        "lastModified": 1669954182,
        "narHash": "sha256-tYXRO/+MbLDQNn/mqnWKrQrYvFY0gHbU29wYln7+mpY=",
        "owner": "emacs-twist",
        "repo": "org-babel",
        "rev": "b448845abbbc8b742e9de547cd49ec886cd79cbf",
        "type": "github"
      },
      "original": {
        "owner": "emacs-twist",
        "repo": "org-babel",
        "type": "github"
      }
    },
    "root": {
      "inputs": {
        "emacs": "emacs",
        "epkgs": "epkgs",
        "flake-utils": "flake-utils",
        "gnu-elpa": "gnu-elpa",
        "melpa": "melpa",
        "nixpkgs": "nixpkgs",
        "nongnu": "nongnu",
        "org-babel": "org-babel",
        "twist": "twist"
      }
    },
    "systems": {
      "locked": {
        "lastModified": 1681028828,
        "narHash": "sha256-Vy1rq5AaRuLzOxct8nz4T6wlgyUR7zLU309k9mBC768=",
        "owner": "nix-systems",
        "repo": "default",
        "rev": "da67096a3b9bf56a91d16901293e51ba5b49a27e",
        "type": "github"
      },
      "original": {
        "owner": "nix-systems",
        "repo": "default",
        "type": "github"
      }
    },
    "twist": {
      "inputs": {
        "elisp-helpers": "elisp-helpers"
      },
      "locked": {
        "lastModified": 1710770942,
        "narHash": "sha256-dyNKByzB5dC/UlZ6GzjX+aFNsL8lHMUf9EWGNY7lttQ=",
        "owner": "emacs-twist",
        "repo": "twist.nix",
        "rev": "4e1f8720308f58b840f7d8c64880adb3971252e8",
        "type": "github"
      },
      "original": {
        "owner": "emacs-twist",
        "repo": "twist.nix",
        "type": "github"
      }
    }
  },
  "root": "root",
  "version": 7
}
